
Microsoft Visual Studio Solution File, Format Version 12.00
# Visual Studio Version 16
VisualStudioVersion = 16.0.31624.102
MinimumVisualStudioVersion = 10.0.40219.1
Project("{8BC9CEB8-8B4A-11D0-8D11-00A0C91BC942}") = "Exercise 1", "Exercise 1\Exercise 1.vcxproj", "{4BCE703F-D440-477D-B4EC-2E8BEBC2C34A}"
EndProject
Project("{8BC9CEB8-8B4A-11D0-8D11-00A0C91BC942}") = "Exercise 2", "Exercise 2\Exercise 2.vcxproj", "{7B099713-5195-418E-B2ED-30A4ADB5B865}"
EndProject
Project("{8BC9CEB8-8B4A-11D0-8D11-00A0C91BC942}") = "Exercise 3", "Exercise 3\Exercise 3.vcxproj", "{CF43324A-C575-4F05-AA56-C750D047B93F}"
EndProject
Project("{8BC9CEB8-8B4A-11D0-8D11-00A0C91BC942}") = "Exercise 4", "Exercise 4\Exercise 4.vcxproj", "{89F99B5B-AEA5-42A5-B73A-11A071DE5367}"
EndProject
Global
	GlobalSection(SolutionConfigurationPlatforms) = preSolution
		Debug|x64 = Debug|x64
		Debug|x86 = Debug|x86
		Release|x64 = Release|x64
		Release|x86 = Release|x86
	EndGlobalSection
	GlobalSection(ProjectConfigurationPlatforms) = postSolution
		{4BCE703F-D440-477D-B4EC-2E8BEBC2C34A}.Debug|x64.ActiveCfg = Debug|x64
		{4BCE703F-D440-477D-B4EC-2E8BEBC2C34A}.Debug|x64.Build.0 = Debug|x64
		{4BCE703F-D440-477D-B4EC-2E8BEBC2C34A}.Debug|x86.ActiveCfg = Debug|Win32
		{4BCE703F-D440-477D-B4EC-2E8BEBC2C34A}.Debug|x86.Build.0 = Debug|Win32
		{4BCE703F-D440-477D-B4EC-2E8BEBC2C34A}.Release|x64.ActiveCfg = Release|x64
		{4BCE703F-D440-477D-B4EC-2E8BEBC2C34A}.Release|x64.Build.0 = Release|x64
		{4BCE703F-D440-477D-B4EC-2E8BEBC2C34A}.Release|x86.ActiveCfg = Release|Win32
		{4BCE703F-D440-477D-B4EC-2E8BEBC2C34A}.Release|x86.Build.0 = Release|Win32
		{7B099713-5195-418E-B2ED-30A4ADB5B865}.Debug|x64.ActiveCfg = Debug|x64
		{7B099713-5195-418E-B2ED-30A4ADB5B865}.Debug|x64.Build.0 = Debug|x64
		{7B099713-5195-418E-B2ED-30A4ADB5B865}.Debug|x86.ActiveCfg = Debug|Win32
		{7B099713-5195-418E-B2ED-30A4ADB5B865}.Debug|x86.Build.0 = Debug|Win32
		{7B099713-5195-418E-B2ED-30A4ADB5B865}.Release|x64.ActiveCfg = Release|x64
		{7B099713-5195-418E-B2ED-30A4ADB5B865}.Release|x64.Build.0 = Release|x64
		{7B099713-5195-418E-B2ED-30A4ADB5B865}.Release|x86.ActiveCfg = Release|Win32
		{7B099713-5195-418E-B2ED-30A4ADB5B865}.Release|x86.Build.0 = Release|Win32
		{CF43324A-C575-4F05-AA56-C750D047B93F}.Debug|x64.ActiveCfg = Debug|x64
		{CF43324A-C575-4F05-AA56-C750D047B93F}.Debug|x64.Build.0 = Debug|x64
		{CF43324A-C575-4F05-AA56-C750D047B93F}.Debug|x86.ActiveCfg = Debug|Win32
		{CF43324A-C575-4F05-AA56-C750D047B93F}.Debug|x86.Build.0 = Debug|Win32
		{CF43324A-C575-4F05-AA56-C750D047B93F}.Release|x64.ActiveCfg = Release|x64
		{CF43324A-C575-4F05-AA56-C750D047B93F}.Release|x64.Build.0 = Release|x64
		{CF43324A-C575-4F05-AA56-C750D047B93F}.Release|x86.ActiveCfg = Release|Win32
		{CF43324A-C575-4F05-AA56-C750D047B93F}.Release|x86.Build.0 = Release|Win32
		{89F99B5B-AEA5-42A5-B73A-11A071DE5367}.Debug|x64.ActiveCfg = Debug|x64
		{89F99B5B-AEA5-42A5-B73A-11A071DE5367}.Debug|x64.Build.0 = Debug|x64
		{89F99B5B-AEA5-42A5-B73A-11A071DE5367}.Debug|x86.ActiveCfg = Debug|Win32
		{89F99B5B-AEA5-42A5-B73A-11A071DE5367}.Debug|x86.Build.0 = Debug|Win32
		{89F99B5B-AEA5-42A5-B73A-11A071DE5367}.Release|x64.ActiveCfg = Release|x64
		{89F99B5B-AEA5-42A5-B73A-11A071DE5367}.Release|x64.Build.0 = Release|x64
		{89F99B5B-AEA5-42A5-B73A-11A071DE5367}.Release|x86.ActiveCfg = Release|Win32
		{89F99B5B-AEA5-42A5-B73A-11A071DE5367}.Release|x86.Build.0 = Release|Win32
	EndGlobalSection
	GlobalSection(SolutionProperties) = preSolution
		HideSolutionNode = FALSE
	EndGlobalSection
	GlobalSection(ExtensibilityGlobals) = postSolution
		SolutionGuid = {BE5ABDC0-287F-43F6-9551-8D8D409F4570}
	EndGlobalSection
EndGlobal
